
Microsoft Visual Studio Solution File, Format Version 11.00
# Visual Studio 2010
Project("{FAE04EC0-301F-11D3-BF4B-00C04F79EFBC}") = "FLIU253_SE2250_ProjectPart1", "Assembly-CSharp.csproj", "{CEC6ABC1-C120-FD6B-D527-8C40E54298F8}"
EndProject
Global
	GlobalSection(SolutionConfigurationPlatforms) = preSolution
		Debug|Any CPU = Debug|Any CPU
		Release|Any CPU = Release|Any CPU
	EndGlobalSection
	GlobalSection(ProjectConfigurationPlatforms) = postSolution
		{CEC6ABC1-C120-FD6B-D527-8C40E54298F8}.Debug|Any CPU.ActiveCfg = Debug|Any CPU
		{CEC6ABC1-C120-FD6B-D527-8C40E54298F8}.Debug|Any CPU.Build.0 = Debug|Any CPU
		{CEC6ABC1-C120-FD6B-D527-8C40E54298F8}.Release|Any CPU.ActiveCfg = Release|Any CPU
		{CEC6ABC1-C120-FD6B-D527-8C40E54298F8}.Release|Any CPU.Build.0 = Release|Any CPU
	EndGlobalSection
	GlobalSection(SolutionProperties) = preSolution
		HideSolutionNode = FALSE
	EndGlobalSection
	GlobalSection(MonoDevelopProperties) = preSolution
		StartupItem = Assembly-CSharp.csproj
	EndGlobalSection
EndGlobal
